
Microsoft Visual Studio Solution File, Format Version 12.00
# Visual Studio Version 16
VisualStudioVersion = 16.0.30413.136
MinimumVisualStudioVersion = 10.0.40219.1
Project("{FAE04EC0-301F-11D3-BF4B-00C04F79EFBC}") = "LINQProblems", "LINQProblems\LINQProblems.csproj", "{52B07654-8A29-480E-A677-C11D5942DE9B}"
EndProject
Global
	GlobalSection(SolutionConfigurationPlatforms) = preSolution
		Debug|Any CPU = Debug|Any CPU
		Release|Any CPU = Release|Any CPU
	EndGlobalSection
	GlobalSection(ProjectConfigurationPlatforms) = postSolution
		{52B07654-8A29-480E-A677-C11D5942DE9B}.Debug|Any CPU.ActiveCfg = Debug|Any CPU
		{52B07654-8A29-480E-A677-C11D5942DE9B}.Debug|Any CPU.Build.0 = Debug|Any CPU
		{52B07654-8A29-480E-A677-C11D5942DE9B}.Release|Any CPU.ActiveCfg = Release|Any CPU
		{52B07654-8A29-480E-A677-C11D5942DE9B}.Release|Any CPU.Build.0 = Release|Any CPU
	EndGlobalSection
	GlobalSection(SolutionProperties) = preSolution
		HideSolutionNode = FALSE
	EndGlobalSection
	GlobalSection(ExtensibilityGlobals) = postSolution
		SolutionGuid = {22343ABF-D5AE-4E13-811B-6A378CCEF0C3}
	EndGlobalSection
EndGlobal
